
Microsoft Visual Studio Solution File, Format Version 12.00
# Visual Studio Version 17
VisualStudioVersion = 17.7.34202.233
MinimumVisualStudioVersion = 10.0.40219.1
Project("{2150E333-8FDC-42A3-9474-1A3956D46DE8}") = "src", "src", "{13170CAC-3422-4CFD-A45D-CBDA06D11E9E}"
EndProject
Project("{9A19103F-16F7-4668-BE54-9A1E7A4F7556}") = "SearchService", "src\SearchService\SearchService.csproj", "{DB15F55B-8483-42CF-ADEA-9CB7813B34F3}"
EndProject
Project("{9A19103F-16F7-4668-BE54-9A1E7A4F7556}") = "AuctionService", "src\AuctionService\AuctionService.csproj", "{624EBA18-D7AF-4C11-A7DF-F2A284C1DEEA}"
EndProject
Project("{FAE04EC0-301F-11D3-BF4B-00C04F79EFBC}") = "Contracts", "src\Contracts\Contracts.csproj", "{48D19E96-6E37-455D-865D-330780D5DF01}"
EndProject
Project("{FAE04EC0-301F-11D3-BF4B-00C04F79EFBC}") = "IdentityService", "src\IdentityService\IdentityService.csproj", "{4EE4E1A1-B614-47F3-B6E4-848DC43467E4}"
EndProject
Global
	GlobalSection(SolutionConfigurationPlatforms) = preSolution
		Debug|Any CPU = Debug|Any CPU
		Release|Any CPU = Release|Any CPU
	EndGlobalSection
	GlobalSection(ProjectConfigurationPlatforms) = postSolution
		{DB15F55B-8483-42CF-ADEA-9CB7813B34F3}.Debug|Any CPU.ActiveCfg = Debug|Any CPU
		{DB15F55B-8483-42CF-ADEA-9CB7813B34F3}.Debug|Any CPU.Build.0 = Debug|Any CPU
		{DB15F55B-8483-42CF-ADEA-9CB7813B34F3}.Release|Any CPU.ActiveCfg = Release|Any CPU
		{DB15F55B-8483-42CF-ADEA-9CB7813B34F3}.Release|Any CPU.Build.0 = Release|Any CPU
		{624EBA18-D7AF-4C11-A7DF-F2A284C1DEEA}.Debug|Any CPU.ActiveCfg = Debug|Any CPU
		{624EBA18-D7AF-4C11-A7DF-F2A284C1DEEA}.Debug|Any CPU.Build.0 = Debug|Any CPU
		{624EBA18-D7AF-4C11-A7DF-F2A284C1DEEA}.Release|Any CPU.ActiveCfg = Release|Any CPU
		{624EBA18-D7AF-4C11-A7DF-F2A284C1DEEA}.Release|Any CPU.Build.0 = Release|Any CPU
		{48D19E96-6E37-455D-865D-330780D5DF01}.Debug|Any CPU.ActiveCfg = Debug|Any CPU
		{48D19E96-6E37-455D-865D-330780D5DF01}.Debug|Any CPU.Build.0 = Debug|Any CPU
		{48D19E96-6E37-455D-865D-330780D5DF01}.Release|Any CPU.ActiveCfg = Release|Any CPU
		{48D19E96-6E37-455D-865D-330780D5DF01}.Release|Any CPU.Build.0 = Release|Any CPU
		{4EE4E1A1-B614-47F3-B6E4-848DC43467E4}.Debug|Any CPU.ActiveCfg = Debug|Any CPU
		{4EE4E1A1-B614-47F3-B6E4-848DC43467E4}.Debug|Any CPU.Build.0 = Debug|Any CPU
		{4EE4E1A1-B614-47F3-B6E4-848DC43467E4}.Release|Any CPU.ActiveCfg = Release|Any CPU
		{4EE4E1A1-B614-47F3-B6E4-848DC43467E4}.Release|Any CPU.Build.0 = Release|Any CPU
	EndGlobalSection
	GlobalSection(SolutionProperties) = preSolution
		HideSolutionNode = FALSE
	EndGlobalSection
	GlobalSection(NestedProjects) = preSolution
		{DB15F55B-8483-42CF-ADEA-9CB7813B34F3} = {13170CAC-3422-4CFD-A45D-CBDA06D11E9E}
		{624EBA18-D7AF-4C11-A7DF-F2A284C1DEEA} = {13170CAC-3422-4CFD-A45D-CBDA06D11E9E}
		{48D19E96-6E37-455D-865D-330780D5DF01} = {13170CAC-3422-4CFD-A45D-CBDA06D11E9E}
		{4EE4E1A1-B614-47F3-B6E4-848DC43467E4} = {13170CAC-3422-4CFD-A45D-CBDA06D11E9E}
	EndGlobalSection
	GlobalSection(ExtensibilityGlobals) = postSolution
		SolutionGuid = {9759DEA2-9C24-4C8A-A4AE-CDB44C9A46DB}
	EndGlobalSection
EndGlobal
